schema: '2.0'
stages:
  data_ingestion:
    cmd: python -m src.data.data_ingestion
    deps:
    - path: src/data/data_ingestion.py
      hash: md5
      md5: 0e72ea2ca0c92b2c09df8724b9ffec64
      size: 3199
    params:
      params.yaml:
        data.target_column: Timely response?
        data.text_column: narrative
        data_ingestion.input_path: ./notebooks/complaints_small.csv
        data_ingestion.output_path: ./data_artifacts/raw/complaints_small.csv
    outs:
    - path: data_artifacts/raw
      hash: md5
      md5: 47fa6723270a4c8622a49b5d24fec498.dir
      size: 605788
      nfiles: 1
  data_preprocessing:
    cmd: python -m src.data.data_preprocessing
    deps:
    - path: data_artifacts/raw
      hash: md5
      md5: 47fa6723270a4c8622a49b5d24fec498.dir
      size: 605788
      nfiles: 1
    - path: src/data/data_preprocessing.py
      hash: md5
      md5: f5b42601ee40b79a6016c038143e2eb1
      size: 5210
    params:
      params.yaml:
        data.text_column: narrative
        data_preprocessing.input_path: ./data_artifacts/raw/complaints_small.csv
        data_preprocessing.output_path: 
          ./data_artifacts/interim/complaints_small_processed.csv
    outs:
    - path: data_artifacts/interim
      hash: md5
      md5: 5f9d11cd1eae25aae52b137149cfad0f.dir
      size: 584713
      nfiles: 1
  data_split:
    cmd: python -m src.data.data_split
    deps:
    - path: data_artifacts/interim
      hash: md5
      md5: 5f9d11cd1eae25aae52b137149cfad0f.dir
      size: 584713
      nfiles: 1
    - path: src/data/data_split.py
      hash: md5
      md5: 85d71af2ec0fcbf5d9c525a2e2f6fc4b
      size: 6785
    params:
      params.yaml:
        data.target_column: Timely response?
        data.text_column: narrative
        data_split.input_path: 
          ./data_artifacts/interim/complaints_small_processed.csv
        data_split.test_output: ./data_artifacts/split/test.csv
        data_split.test_size: 0.2
        data_split.train_output: ./data_artifacts/split/train.csv
        data_split.val_output: ./data_artifacts/split/validation.csv
        data_split.val_size: 0.5
    outs:
    - path: data_artifacts/split
      hash: md5
      md5: 62554ce3348186884442111bdf95d3e5.dir
      size: 584939
      nfiles: 3
  data_balancing:
    cmd: python -m src.data.data_balancing
    deps:
    - path: data_artifacts/split
      hash: md5
      md5: 62554ce3348186884442111bdf95d3e5.dir
      size: 584939
      nfiles: 3
    - path: src/data/data_balancing.py
      hash: md5
      md5: 7ba704d435aeaade7f5a69cdad9e2748
      size: 8749
    params:
      params.yaml:
        data.product_target_column: product_5
        data.target_column: Timely response?
        data_balancing.output_folder: ./data_artifacts/balanced
        data_balancing.test_input: ./data_artifacts/split/test.csv
        data_balancing.train_input: ./data_artifacts/split/train.csv
        data_balancing.val_input: ./data_artifacts/split/validation.csv
    outs:
    - path: data_artifacts/balanced
      hash: md5
      md5: 1506b8822c8116f5e1850882ba83875e.dir
      size: 450646
      nfiles: 6
  embedding_generation:
    cmd: python -m src.data.embedding_generation
    deps:
    - path: data_artifacts/balanced
      hash: md5
      md5: 1506b8822c8116f5e1850882ba83875e.dir
      size: 450646
      nfiles: 6
    - path: src/data/embedding_generation.py
      hash: md5
      md5: 2481738579968ac4d527111f9b8cff19
      size: 12884
    params:
      params.yaml:
        data.product_target_column: product_5
        data.target_column: Timely response?
        data.text_column: narrative
        data_balancing.output_folder: ./data_artifacts/balanced
        embedding.model_name: sentence-transformers/all-MiniLM-L6-v2
        embedding.output_folder: ./data_artifacts/embeddings
        embedding.test_batch_size: 200
        embedding.train_batch_size: 400
        embedding.val_batch_size: 200
    outs:
    - path: data_artifacts/embeddings
      hash: md5
      md5: fa04b00731536988e79a43a63c0419df.dir
      size: 552744
      nfiles: 12
  train_xgboost:
    cmd: python -m src.model.train_xgboost
    deps:
    - path: data_artifacts/embeddings
      hash: md5
      md5: fa04b00731536988e79a43a63c0419df.dir
      size: 552744
      nfiles: 12
    - path: src/model/train_xgboost.py
      hash: md5
      md5: 10efebbc4eb5138bfeca08b4c3c7c163
      size: 6536
    params:
      params.yaml:
        train.colsample_bytree: 0.8348183387297776
        train.input_folder: ./data_artifacts/embeddings
        train.learning_rate: 0.1732000515002235
        train.max_depth: 6
        train.n_estimators: 584
        train.output_path: ./models/xgboost_model.json
        train.reg_alpha: 8.802746880977654
        train.reg_lambda: 6.377823210234763
        train.subsample: 0.6619499828781406
    outs:
    - path: models/xgboost_model.json
      hash: md5
      md5: 5cb413e3e960315cfb6dda5346b21da1
      size: 238035
  model_evaluation:
    cmd: python -m src.model.model_evaluation
    deps:
    - path: data_artifacts/embeddings
      hash: md5
      md5: fa04b00731536988e79a43a63c0419df.dir
      size: 552744
      nfiles: 12
    - path: models/mlp_model_product.pt
      hash: md5
      md5: 098c2dbc1a2629c7df0f433bfede1cba
      size: 1065741
    - path: models/xgboost_model.json
      hash: md5
      md5: 5cb413e3e960315cfb6dda5346b21da1
      size: 238035
    - path: src/model/model_evaluation.py
      hash: md5
      md5: 1a0496da497b07211ba58d819389d527
      size: 15823
    params:
      params.yaml:
        model_evaluation.embeddings_folder: ./data_artifacts/embeddings
        model_evaluation.experiment_info_path: 
          ./reports/experiment_info_urgency.json
        model_evaluation.metrics_path: ./reports/metrics_urgency.json
        model_evaluation.model_path: ./models/xgboost_model.json
        model_evaluation_product.experiment_info_path: 
          ./reports/experiment_info_product.json
        model_evaluation_product.metrics_path: ./reports/metrics_product.json
        train.colsample_bytree: 0.8348183387297776
        train.learning_rate: 0.1732000515002235
        train.max_depth: 6
        train.n_estimators: 584
        train.reg_alpha: 8.802746880977654
        train.reg_lambda: 6.377823210234763
        train.subsample: 0.6619499828781406
        train_product.batch_size: 4098
        train_product.dropout: 0.2
        train_product.embedding_dimension: 384
        train_product.epochs: 500
        train_product.hidden_layers: 412-256
        train_product.learning_rate: 0.0001
        train_product.num_classes: 5
    outs:
    - path: reports/experiment_info_product.json
      hash: md5
      md5: 231cc30b814b4dd3e8ba273c0d2b93c2
      size: 156
    - path: reports/experiment_info_urgency.json
      hash: md5
      md5: 66d623f50ca75cfa9edc421a4126bf3e
      size: 160
    - path: reports/metrics_product.json
      hash: md5
      md5: a4260e688f79a43e9686646a7b1236b3
      size: 1957
    - path: reports/metrics_urgency.json
      hash: md5
      md5: a902cb1d898a8268ebae306ba14133a6
      size: 976
  register_model:
    cmd: python -m src.model.register_model
    deps:
    - path: reports/experiment_info_product.json
      hash: md5
      md5: 231cc30b814b4dd3e8ba273c0d2b93c2
      size: 156
    - path: reports/experiment_info_urgency.json
      hash: md5
      md5: 66d623f50ca75cfa9edc421a4126bf3e
      size: 160
    - path: src/model/register_model.py
      hash: md5
      md5: 05a893623cec5c52db058f5fce6cbae4
      size: 6431
    params:
      params.yaml:
        model_evaluation.experiment_info_path: 
          ./reports/experiment_info_urgency.json
        model_evaluation_product.experiment_info_path: 
          ./reports/experiment_info_product.json
        register_model.model_name: CFPB_XGBoost_Timely_Response
        register_model_product.model_name: CFPB_MLP_Product_Category
  train_mlp_product:
    cmd: python -m src.model.train_mlp_product
    deps:
    - path: data_artifacts/embeddings
      hash: md5
      md5: fa04b00731536988e79a43a63c0419df.dir
      size: 552744
      nfiles: 12
    - path: src/model/train_mlp_product.py
      hash: md5
      md5: e10b5b143ac72f105f1507e413f62ab3
      size: 7476
    params:
      params.yaml:
        train_product.batch_size: 4098
        train_product.dropout: 0.2
        train_product.embedding_dimension: 384
        train_product.epochs: 500
        train_product.hidden_layers: 412-256
        train_product.input_folder: ./data_artifacts/embeddings
        train_product.learning_rate: 0.0001
        train_product.num_classes: 5
        train_product.optimizer: Adam
        train_product.output_path: ./models/mlp_model_product.pt
    outs:
    - path: models/mlp_model_product.pt
      hash: md5
      md5: 098c2dbc1a2629c7df0f433bfede1cba
      size: 1065741
